PODS:
  - BigInt (3.1.0):
    - SipHash (~> 1.2)
  - SipHash (1.2.2)
  - SwiftLint (0.26.0)
  - SwiftProtobuf (1.2.0)
  - TrezorCrypto (0.0.8)

DEPENDENCIES:
  - BigInt (~> 3.0)
  - SwiftLint
  - SwiftProtobuf (= 1.2.0)
  - TrezorCrypto (~> 0.0.8)

SPEC REPOS:
  https://github.com/cocoapods/specs.git:
    - BigInt
    - SipHash
    - SwiftLint
    - SwiftProtobuf
    - TrezorCrypto

SPEC CHECKSUMS:
  BigInt: 76b5dfdfa3e2e478d4ffdf161aeede5502e2742f
  SipHash: fad90a4683e420c52ef28063063dbbce248ea6d4
  SwiftLint: f6b83e8d95ee1e91e11932d843af4fdcbf3fc764
  SwiftProtobuf: 91a9856079044ef4ec762b2344c763cd9e5a73c1
  TrezorCrypto: 938c4b715fff7824a9c891a105e65ee0e4e81662

PODFILE CHECKSUM: f8f802400c5d8455fad560989d0beea4b0e98b12

COCOAPODS: 1.5.3
